
Microsoft Visual Studio Solution File, Format Version 12.00
# Visual Studio Version 17
VisualStudioVersion = 17.14.36511.14 d17.14
MinimumVisualStudioVersion = 10.0.40219.1
Project("{8BC9CEB8-8B4A-11D0-8D11-00A0C91BC942}") = "CPUMonitorDriver", "CPUMonitorDriver\CPUMonitorDriver.vcxproj", "{14A7FD00-5921-F9FD-8581-846B0FCEABE9}"
EndProject
Global
	GlobalSection(SolutionConfigurationPlatforms) = preSolution
		Debug|ARM64 = Debug|ARM64
		Debug|x64 = Debug|x64
		Release|ARM64 = Release|ARM64
		Release|x64 = Release|x64
	EndGlobalSection
	GlobalSection(ProjectConfigurationPlatforms) = postSolution
		{14A7FD00-5921-F9FD-8581-846B0FCEABE9}.Debug|ARM64.ActiveCfg = Debug|ARM64
		{14A7FD00-5921-F9FD-8581-846B0FCEABE9}.Debug|ARM64.Build.0 = Debug|ARM64
		{14A7FD00-5921-F9FD-8581-846B0FCEABE9}.Debug|ARM64.Deploy.0 = Debug|ARM64
		{14A7FD00-5921-F9FD-8581-846B0FCEABE9}.Debug|x64.ActiveCfg = Debug|x64
		{14A7FD00-5921-F9FD-8581-846B0FCEABE9}.Debug|x64.Build.0 = Debug|x64
		{14A7FD00-5921-F9FD-8581-846B0FCEABE9}.Debug|x64.Deploy.0 = Debug|x64
		{14A7FD00-5921-F9FD-8581-846B0FCEABE9}.Release|ARM64.ActiveCfg = Release|ARM64
		{14A7FD00-5921-F9FD-8581-846B0FCEABE9}.Release|ARM64.Build.0 = Release|ARM64
		{14A7FD00-5921-F9FD-8581-846B0FCEABE9}.Release|ARM64.Deploy.0 = Release|ARM64
		{14A7FD00-5921-F9FD-8581-846B0FCEABE9}.Release|x64.ActiveCfg = Release|x64
		{14A7FD00-5921-F9FD-8581-846B0FCEABE9}.Release|x64.Build.0 = Release|x64
		{14A7FD00-5921-F9FD-8581-846B0FCEABE9}.Release|x64.Deploy.0 = Release|x64
	EndGlobalSection
	GlobalSection(SolutionProperties) = preSolution
		HideSolutionNode = FALSE
	EndGlobalSection
	GlobalSection(ExtensibilityGlobals) = postSolution
		SolutionGuid = {3C38FEAF-A2F6-4C68-ACFB-F6210418A781}
	EndGlobalSection
EndGlobal
