
Microsoft Visual Studio Solution File, Format Version 12.00
# Visual Studio Version 17
Project("{8BC9CEB8-8B4A-11D0-8D11-00A0C91BC942}") = "ALL_BUILD", "ALL_BUILD.vcxproj", "{1E0A64A7-0D9B-3EFD-B224-17056E741C70}"
	ProjectSection(ProjectDependencies) = postProject
		{CE5F89C6-D757-3F41-9840-F69DC6235269} = {CE5F89C6-D757-3F41-9840-F69DC6235269}
		{FA0D1857-2AED-3502-B046-C4B52F124333} = {FA0D1857-2AED-3502-B046-C4B52F124333}
	EndProjectSection
EndProject
Project("{8BC9CEB8-8B4A-11D0-8D11-00A0C91BC942}") = "SystemInfo", "SystemInfo.vcxproj", "{CE5F89C6-D757-3F41-9840-F69DC6235269}"
	ProjectSection(ProjectDependencies) = postProject
		{FA0D1857-2AED-3502-B046-C4B52F124333} = {FA0D1857-2AED-3502-B046-C4B52F124333}
	EndProjectSection
EndProject
Project("{8BC9CEB8-8B4A-11D0-8D11-00A0C91BC942}") = "ZERO_CHECK", "ZERO_CHECK.vcxproj", "{FA0D1857-2AED-3502-B046-C4B52F124333}"
	ProjectSection(ProjectDependencies) = postProject
	EndProjectSection
EndProject
Global
	GlobalSection(SolutionConfigurationPlatforms) = preSolution
		Debug|x64 = Debug|x64
		Release|x64 = Release|x64
		MinSizeRel|x64 = MinSizeRel|x64
		RelWithDebInfo|x64 = RelWithDebInfo|x64
	EndGlobalSection
	GlobalSection(ProjectConfigurationPlatforms) = postSolution
		{1E0A64A7-0D9B-3EFD-B224-17056E741C70}.Debug|x64.ActiveCfg = Debug|x64
		{1E0A64A7-0D9B-3EFD-B224-17056E741C70}.Release|x64.ActiveCfg = Release|x64
		{1E0A64A7-0D9B-3EFD-B224-17056E741C70}.MinSizeRel|x64.ActiveCfg = MinSizeRel|x64
		{1E0A64A7-0D9B-3EFD-B224-17056E741C70}.RelWithDebInfo|x64.ActiveCfg = RelWithDebInfo|x64
		{CE5F89C6-D757-3F41-9840-F69DC6235269}.Debug|x64.ActiveCfg = Debug|x64
		{CE5F89C6-D757-3F41-9840-F69DC6235269}.Debug|x64.Build.0 = Debug|x64
		{CE5F89C6-D757-3F41-9840-F69DC6235269}.Release|x64.ActiveCfg = Release|x64
		{CE5F89C6-D757-3F41-9840-F69DC6235269}.Release|x64.Build.0 = Release|x64
		{CE5F89C6-D757-3F41-9840-F69DC6235269}.MinSizeRel|x64.ActiveCfg = MinSizeRel|x64
		{CE5F89C6-D757-3F41-9840-F69DC6235269}.MinSizeRel|x64.Build.0 = MinSizeRel|x64
		{CE5F89C6-D757-3F41-9840-F69DC6235269}.RelWithDebInfo|x64.ActiveCfg = RelWithDebInfo|x64
		{CE5F89C6-D757-3F41-9840-F69DC6235269}.RelWithDebInfo|x64.Build.0 = RelWithDebInfo|x64
		{FA0D1857-2AED-3502-B046-C4B52F124333}.Debug|x64.ActiveCfg = Debug|x64
		{FA0D1857-2AED-3502-B046-C4B52F124333}.Debug|x64.Build.0 = Debug|x64
		{FA0D1857-2AED-3502-B046-C4B52F124333}.Release|x64.ActiveCfg = Release|x64
		{FA0D1857-2AED-3502-B046-C4B52F124333}.Release|x64.Build.0 = Release|x64
		{FA0D1857-2AED-3502-B046-C4B52F124333}.MinSizeRel|x64.ActiveCfg = MinSizeRel|x64
		{FA0D1857-2AED-3502-B046-C4B52F124333}.MinSizeRel|x64.Build.0 = MinSizeRel|x64
		{FA0D1857-2AED-3502-B046-C4B52F124333}.RelWithDebInfo|x64.ActiveCfg = RelWithDebInfo|x64
		{FA0D1857-2AED-3502-B046-C4B52F124333}.RelWithDebInfo|x64.Build.0 = RelWithDebInfo|x64
	EndGlobalSection
	GlobalSection(ExtensibilityGlobals) = postSolution
		SolutionGuid = {94FC7040-2000-32DD-A6F5-5E35209573E0}
	EndGlobalSection
	GlobalSection(ExtensibilityAddIns) = postSolution
	EndGlobalSection
EndGlobal
