<?xml version="1.0" encoding="utf-8"?>
<Project ToolsVersion="4.0" xmlns="http://schemas.microsoft.com/developer/msbuild/2003">
  <ItemGroup>
    <Filter Include="Source Files">
      <UniqueIdentifier>{4FC737F1-C7A5-4376-A066-2A32D752A2FF}</UniqueIdentifier>
      <Extensions>cpp;c;cc;cxx;c++;cppm;ixx;def;odl;idl;hpj;bat;asm;asmx</Extensions>
    </Filter>
    <Filter Include="Header Files">
      <UniqueIdentifier>{93995380-89BD-4b04-88EB-625FBE52EBFB}</UniqueIdentifier>
      <Extensions>h;hh;hpp;hxx;h++;hm;inl;inc;ipp;xsd</Extensions>
    </Filter>
    <Filter Include="Resource Files">
      <UniqueIdentifier>{67DA6AB6-F800-4c08-8B7A-83BB121AAD01}</UniqueIdentifier>
      <Extensions>rc;ico;cur;bmp;dlg;rc2;rct;bin;rgs;gif;jpg;jpeg;jpe;resx;tiff;tif;png;wav;mfcribbon-ms</Extensions>
    </Filter>
  </ItemGroup>
  <ItemGroup>
    <ClCompile Include="System_Info.cpp">
      <Filter>Source Files</Filter>
    </ClCompile>
    <ClCompile Include="ThreadManager.cpp">
      <Filter>Source Files</Filter>
    </ClCompile>
    <ClCompile Include="HardwareManager.cpp">
      <Filter>Source Files</Filter>
    </ClCompile>
    <ClCompile Include="..\third_party\adlx\SDK\ADLXHelper\Windows\Cpp\ADLXHelper.cpp">
      <Filter>Source Files</Filter>
    </ClCompile>
    <ClCompile Include="..\third_party\adlx\SDK\Platform\Windows\WinAPIs.cpp">
      <Filter>Source Files</Filter>
    </ClCompile>
    <ClCompile Include="hardware\GPU\AMDLiveGPUMetrics.cpp">
      <Filter>Source Files</Filter>
    </ClCompile>
    <ClCompile Include="wmi\ComManager.cpp">
      <Filter>Source Files</Filter>
    </ClCompile>
    <ClCompile Include="driver_client\DriverClient.cpp">
      <Filter>Source Files</Filter>
    </ClCompile>
    <ClCompile Include="wmi\GraphicsProcessor.cpp">
      <Filter>Source Files</Filter>
    </ClCompile>
    <ClCompile Include="wmi\HardwareQueries.cpp">
      <Filter>Source Files</Filter>
    </ClCompile>
    <ClCompile Include="hardware\HardwareDevice.cpp">
      <Filter>Source Files</Filter>
    </ClCompile>
    <ClCompile Include="wmi\motherboard.cpp">
      <Filter>Source Files</Filter>
    </ClCompile>
    <ClCompile Include="output_generator\OutputHandler.cpp">
      <Filter>Source Files</Filter>
    </ClCompile>
    <ClCompile Include="wmi\processor.cpp">
      <Filter>Source Files</Filter>
    </ClCompile>
    <ClCompile Include="wmi\projutils.cpp">
      <Filter>Source Files</Filter>
    </ClCompile>
    <ClCompile Include="hardware\GPU\NvidiaLiveGPUMetrics.cpp">
      <Filter>Source Files</Filter>
    </ClCompile>
    <ClCompile Include="wmi\storagedevice.cpp">
      <Filter>Source Files</Filter>
    </ClCompile>
    <ClCompile Include="wmi\WbemManager.cpp">
      <Filter>Source Files</Filter>
    </ClCompile>
    <ClCompile Include="hardware\GPU\DxgiHandler.cpp">
      <Filter>Source Files</Filter>
    </ClCompile>
    <ClCompile Include="hardware\GPU\AMDPool.cpp">
      <Filter>Source Files</Filter>
    </ClCompile>
    <ClCompile Include="hardware\GPU\NvidiaPool.cpp">
      <Filter>Source Files</Filter>
    </ClCompile>
    <ClCompile Include="hardware\IHardwareDevicePool.cpp">
      <Filter>Source Files</Filter>
    </ClCompile>
  </ItemGroup>
  <ItemGroup>
    <ClInclude Include="../shared_headers/cpu_shared_info.h">
      <Filter>Header Files</Filter>
    </ClInclude>
    <ClInclude Include="ThreadManager.h">
      <Filter>Header Files</Filter>
    </ClInclude>
    <ClInclude Include="HardwareManager.h">
      <Filter>Header Files</Filter>
    </ClInclude>
    <ClInclude Include="hardware\GPU\AMDLiveGPUMetrics.h">
      <Filter>Header Files</Filter>
    </ClInclude>
    <ClInclude Include="wmi\ComManager.h">
      <Filter>Header Files</Filter>
    </ClInclude>
    <ClInclude Include="driver_client\DriverClient.h">
      <Filter>Header Files</Filter>
    </ClInclude>
    <ClInclude Include="hardware\GPULiveData.h">
      <Filter>Header Files</Filter>
    </ClInclude>
    <ClInclude Include="wmi\GraphicsProcessor.h">
      <Filter>Header Files</Filter>
    </ClInclude>
    <ClInclude Include="wmi\HardwareQueries.h">
      <Filter>Header Files</Filter>
    </ClInclude>
    <ClInclude Include="hardware\HardwareDevice.h">
      <Filter>Header Files</Filter>
    </ClInclude>
    <ClInclude Include="wmi\motherboard.h">
      <Filter>Header Files</Filter>
    </ClInclude>
    <ClInclude Include="hardware\GPU\NvidiaLiveGPUMetrics.h">
      <Filter>Header Files</Filter>
    </ClInclude>
    <ClInclude Include="output_generator\OutputHandler.h">
      <Filter>Header Files</Filter>
    </ClInclude>
    <ClInclude Include="wmi\processor.h">
      <Filter>Header Files</Filter>
    </ClInclude>
    <ClInclude Include="wmi\projutils.h">
      <Filter>Header Files</Filter>
    </ClInclude>
    <ClInclude Include="wmi\storagedevice.h">
      <Filter>Header Files</Filter>
    </ClInclude>
    <ClInclude Include="wmi\WbemManager.h">
      <Filter>Header Files</Filter>
    </ClInclude>
    <ClInclude Include="wmi\WmiHelper.h">
      <Filter>Header Files</Filter>
    </ClInclude>
    <ClInclude Include="hardware\DeviceSensor.h">
      <Filter>Header Files</Filter>
    </ClInclude>
    <ClInclude Include="hardware\GPU\DxgiHandler.h">
      <Filter>Header Files</Filter>
    </ClInclude>
    <ClInclude Include="hardware\GPU\AMDPool.h">
      <Filter>Header Files</Filter>
    </ClInclude>
    <ClInclude Include="hardware\GPU\NvidiaPool.h">
      <Filter>Header Files</Filter>
    </ClInclude>
    <ClInclude Include="hardware\IHardwareDevicePool.h">
      <Filter>Header Files</Filter>
    </ClInclude>
  </ItemGroup>
</Project>